
Microsoft Visual Studio Solution File, Format Version 12.00
# Visual Studio 2013
VisualStudioVersion = 12.0.31101.0
MinimumVisualStudioVersion = 10.0.40219.1
Project("{2150E333-8FDC-42A3-9474-1A3956D46DE8}") = ".paket", ".paket", "{9A5D3E27-FC88-4293-9F38-B1407DD3440F}"
	ProjectSection(SolutionItems) = preProject
		paket.dependencies = paket.dependencies
	EndProjectSection
EndProject
Project("{F2A71F9B-5D33-465A-A702-920D77279786}") = "PollingConsumer", "PollingConsumer\PollingConsumer.fsproj", "{1DA9BE65-424A-46A4-8DF7-BA60538E0190}"
EndProject
Project("{F2A71F9B-5D33-465A-A702-920D77279786}") = "PollingConsumer.Tests", "PollingConsumer.Tests\PollingConsumer.Tests.fsproj", "{65DFB73E-78F8-469D-A84F-475B1DE10060}"
EndProject
Global
	GlobalSection(SolutionConfigurationPlatforms) = preSolution
		Debug|Any CPU = Debug|Any CPU
		Release|Any CPU = Release|Any CPU
	EndGlobalSection
	GlobalSection(ProjectConfigurationPlatforms) = postSolution
		{1DA9BE65-424A-46A4-8DF7-BA60538E0190}.Debug|Any CPU.ActiveCfg = Debug|Any CPU
		{1DA9BE65-424A-46A4-8DF7-BA60538E0190}.Debug|Any CPU.Build.0 = Debug|Any CPU
		{1DA9BE65-424A-46A4-8DF7-BA60538E0190}.Release|Any CPU.ActiveCfg = Release|Any CPU
		{1DA9BE65-424A-46A4-8DF7-BA60538E0190}.Release|Any CPU.Build.0 = Release|Any CPU
		{65DFB73E-78F8-469D-A84F-475B1DE10060}.Debug|Any CPU.ActiveCfg = Debug|Any CPU
		{65DFB73E-78F8-469D-A84F-475B1DE10060}.Debug|Any CPU.Build.0 = Debug|Any CPU
		{65DFB73E-78F8-469D-A84F-475B1DE10060}.Release|Any CPU.ActiveCfg = Release|Any CPU
		{65DFB73E-78F8-469D-A84F-475B1DE10060}.Release|Any CPU.Build.0 = Release|Any CPU
	EndGlobalSection
	GlobalSection(SolutionProperties) = preSolution
		HideSolutionNode = FALSE
	EndGlobalSection
EndGlobal
